
Microsoft Visual Studio Solution File, Format Version 11.00
# Visual Studio 2010
Project("{4925A630-B079-445d-BCD4-3A9C94FE9307}") = "IRCbot", "IRCbot\IRCbot.fsproj", "{D8930F72-B49E-422C-8BC7-700C99F6B527}"
EndProject
Global
	GlobalSection(SolutionConfigurationPlatforms) = preSolution
		Debug|Any CPU = Debug|Any CPU
		Release|Any CPU = Release|Any CPU
	EndGlobalSection
	GlobalSection(ProjectConfigurationPlatforms) = postSolution
		{D8930F72-B49E-422C-8BC7-700C99F6B527}.Debug|Any CPU.ActiveCfg = Debug|Any CPU
		{D8930F72-B49E-422C-8BC7-700C99F6B527}.Debug|Any CPU.Build.0 = Debug|Any CPU
		{D8930F72-B49E-422C-8BC7-700C99F6B527}.Release|Any CPU.ActiveCfg = Release|Any CPU
		{D8930F72-B49E-422C-8BC7-700C99F6B527}.Release|Any CPU.Build.0 = Release|Any CPU
	EndGlobalSection
	GlobalSection(MonoDevelopProperties) = preSolution
		StartupItem = IRCbot\IRCbot.fsproj
	EndGlobalSection
EndGlobal
